// !$*UTF8*$!
{
	archiveVersion = 1;
	classes = {
	};
	objectVersion = 50;
	objects = {

/* Begin PBXBuildFile section */
		6F277393244A806D00B6CA91 /* AppDelegate.swift in Sources */ = {isa = PBXBuildFile; fileRef = 6F277392244A806D00B6CA91 /* AppDelegate.swift */; };
		6F277395244A806D00B6CA91 /* SceneDelegate.swift in Sources */ = {isa = PBXBuildFile; fileRef = 6F277394244A806D00B6CA91 /* SceneDelegate.swift */; };
		6F277397244A806D00B6CA91 /* FeedViewController.swift in Sources */ = {isa = PBXBuildFile; fileRef = 6F277396244A806D00B6CA91 /* FeedViewController.swift */; };
		6F27739A244A806D00B6CA91 /* Main.storyboard in Resources */ = {isa = PBXBuildFile; fileRef = 6F277398244A806D00B6CA91 /* Main.storyboard */; };
		6F27739C244A807100B6CA91 /* Assets.xcassets in Resources */ = {isa = PBXBuildFile; fileRef = 6F27739B244A807100B6CA91 /* Assets.xcassets */; };
		6F27739F244A807100B6CA91 /* LaunchScreen.storyboard in Resources */ = {isa = PBXBuildFile; fileRef = 6F27739D244A807100B6CA91 /* LaunchScreen.storyboard */; };
		6F2773A7244A84B200B6CA91 /* Post.swift in Sources */ = {isa = PBXBuildFile; fileRef = 6F2773A6244A84B200B6CA91 /* Post.swift */; };
		6F2773A9244A90E400B6CA91 /* PostTableViewCell.swift in Sources */ = {isa = PBXBuildFile; fileRef = 6F2773A8244A90E400B6CA91 /* PostTableViewCell.swift */; };
		6F2773AB244A97F400B6CA91 /* NetworkManager.swift in Sources */ = {isa = PBXBuildFile; fileRef = 6F2773AA244A97F400B6CA91 /* NetworkManager.swift */; };
		6F2773AD244AA52F00B6CA91 /* CommentsViewController.swift in Sources */ = {isa = PBXBuildFile; fileRef = 6F2773AC244AA52F00B6CA91 /* CommentsViewController.swift */; };
		6F2773AF244AA65400B6CA91 /* CommentTableViewCell.swift in Sources */ = {isa = PBXBuildFile; fileRef = 6F2773AE244AA65400B6CA91 /* CommentTableViewCell.swift */; };
		6F2773B1244AAA7A00B6CA91 /* Comment.swift in Sources */ = {isa = PBXBuildFile; fileRef = 6F2773B0244AAA7A00B6CA91 /* Comment.swift */; };
/* End PBXBuildFile section */

/* Begin PBXFileReference section */
		6F27738F244A806D00B6CA91 /* ProductHunt.app */ = {isa = PBXFileReference; explicitFileType = wrapper.application; includeInIndex = 0; path = ProductHunt.app; sourceTree = BUILT_PRODUCTS_DIR; };
		6F277392244A806D00B6CA91 /* AppDelegate.swift */ = {isa = PBXFileReference; lastKnownFileType = sourcecode.swift; path = AppDelegate.swift; sourceTree = "<group>"; };
		6F277394244A806D00B6CA91 /* SceneDelegate.swift */ = {isa = PBXFileReference; lastKnownFileType = sourcecode.swift; path = SceneDelegate.swift; sourceTree = "<group>"; };
		6F277396244A806D00B6CA91 /* FeedViewController.swift */ = {isa = PBXFileReference; lastKnownFileType = sourcecode.swift; path = FeedViewController.swift; sourceTree = "<group>"; };
		6F277399244A806D00B6CA91 /* Base */ = {isa = PBXFileReference; lastKnownFileType = file.storyboard; name = Base; path = Base.lproj/Main.storyboard; sourceTree = "<group>"; };
		6F27739B244A807100B6CA91 /* Assets.xcassets */ = {isa = PBXFileReference; lastKnownFileType = folder.assetcatalog; path = Assets.xcassets; sourceTree = "<group>"; };
		6F27739E244A807100B6CA91 /* Base */ = {isa = PBXFileReference; lastKnownFileType = file.storyboard; name = Base; path = Base.lproj/LaunchScreen.storyboard; sourceTree = "<group>"; };
		6F2773A0244A807100B6CA91 /* Info.plist */ = {isa = PBXFileReference; lastKnownFileType = text.plist.xml; path = Info.plist; sourceTree = "<group>"; };
		6F2773A6244A84B200B6CA91 /* Post.swift */ = {isa = PBXFileReference; lastKnownFileType = sourcecode.swift; path = Post.swift; sourceTree = "<group>"; };
		6F2773A8244A90E400B6CA91 /* PostTableViewCell.swift */ = {isa = PBXFileReference; lastKnownFileType = sourcecode.swift; path = PostTableViewCell.swift; sourceTree = "<group>"; };
		6F2773AA244A97F400B6CA91 /* NetworkManager.swift */ = {isa = PBXFileReference; lastKnownFileType = sourcecode.swift; path = NetworkManager.swift; sourceTree = "<group>"; };
		6F2773AC244AA52F00B6CA91 /* CommentsViewController.swift */ = {isa = PBXFileReference; lastKnownFileType = sourcecode.swift; path = CommentsViewController.swift; sourceTree = "<group>"; };
		6F2773AE244AA65400B6CA91 /* CommentTableViewCell.swift */ = {isa = PBXFileReference; lastKnownFileType = sourcecode.swift; path = CommentTableViewCell.swift; sourceTree = "<group>"; };
		6F2773B0244AAA7A00B6CA91 /* Comment.swift */ = {isa = PBXFileReference; lastKnownFileType = sourcecode.swift; path = Comment.swift; sourceTree = "<group>"; };
/* End PBXFileReference section */

/* Begin PBXFrameworksBuildPhase section */
		6F27738C244A806C00B6CA91 /* Frameworks */ = {
			isa = PBXFrameworksBuildPhase;
			buildActionMask = 2147483647;
			files = (
			);
			runOnlyForDeploymentPostprocessing = 0;
		};
/* End PBXFrameworksBuildPhase section */

/* Begin PBXGroup section */
		6F277386244A806C00B6CA91 = {
			isa = PBXGroup;
			children = (
				6F2773AA244A97F400B6CA91 /* NetworkManager.swift */,
				6F277391244A806D00B6CA91 /* ProductHunt */,
				6F277390244A806D00B6CA91 /* Products */,
			);
			sourceTree = "<group>";
		};
		6F277390244A806D00B6CA91 /* Products */ = {
			isa = PBXGroup;
			children = (
				6F27738F244A806D00B6CA91 /* ProductHunt.app */,
			);
			name = Products;
			sourceTree = "<group>";
		};
		6F277391244A806D00B6CA91 /* ProductHunt */ = {
			isa = PBXGroup;
			children = (
				6F277392244A806D00B6CA91 /* AppDelegate.swift */,
				6F277394244A806D00B6CA91 /* SceneDelegate.swift */,
				6F277396244A806D00B6CA91 /* FeedViewController.swift */,
				6F2773A6244A84B200B6CA91 /* Post.swift */,
				6F2773B0244AAA7A00B6CA91 /* Comment.swift */,
				6F2773A8244A90E400B6CA91 /* PostTableViewCell.swift */,
				6F277398244A806D00B6CA91 /* Main.storyboard */,
				6F2773AC244AA52F00B6CA91 /* CommentsViewController.swift */,
				6F2773AE244AA65400B6CA91 /* CommentTableViewCell.swift */,
				6F27739B244A807100B6CA91 /* Assets.xcassets */,
				6F27739D244A807100B6CA91 /* LaunchScreen.storyboard */,
				6F2773A0244A807100B6CA91 /* Info.plist */,
			);
			path = ProductHunt;
			sourceTree = "<group>";
		};
/* End PBXGroup section */

/* Begin PBXNativeTarget section */
		6F27738E244A806C00B6CA91 /* ProductHunt */ = {
			isa = PBXNativeTarget;
			buildConfigurationList = 6F2773A3244A807100B6CA91 /* Build configuration list for PBXNativeTarget "ProductHunt" */;
			buildPhases = (
				6F27738B244A806C00B6CA91 /* Sources */,
				6F27738C244A806C00B6CA91 /* Frameworks */,
				6F27738D244A806C00B6CA91 /* Resources */,
			);
			buildRules = (
			);
			dependencies = (
			);
			name = ProductHunt;
			productName = ProductHunt;
			productReference = 6F27738F244A806D00B6CA91 /* ProductHunt.app */;
			productType = "com.apple.product-type.application";
		};
/* End PBXNativeTarget section */

/* Begin PBXProject section */
		6F277387244A806C00B6CA91 /* Project object */ = {
			isa = PBXProject;
			attributes = {
				LastSwiftUpdateCheck = 1140;
				LastUpgradeCheck = 1140;
				ORGANIZATIONNAME = Mondale;
				TargetAttributes = {
					6F27738E244A806C00B6CA91 = {
						CreatedOnToolsVersion = 11.4;
					};
				};
			};
			buildConfigurationList = 6F27738A244A806C00B6CA91 /* Build configuration list for PBXProject "ProductHunt" */;
			compatibilityVersion = "Xcode 9.3";
			developmentRegion = en;
			hasScannedForEncodings = 0;
			knownRegions = (
				en,
				Base,
			);
			mainGroup = 6F277386244A806C00B6CA91;
			productRefGroup = 6F277390244A806D00B6CA91 /* Products */;
			projectDirPath = "";
			projectRoot = "";
			targets = (
				6F27738E244A806C00B6CA91 /* ProductHunt */,
			);
		};
/* End PBXProject section */

/* Begin PBXResourcesBuildPhase section */
		6F27738D244A806C00B6CA91 /* Resources */ = {
			isa = PBXResourcesBuildPhase;
			buildActionMask = 2147483647;
			files = (
				6F27739F244A807100B6CA91 /* LaunchScreen.storyboard in Resources */,
				6F27739C244A807100B6CA91 /* Assets.xcassets in Resources */,
				6F27739A244A806D00B6CA91 /* Main.storyboard in Resources */,
			);
			runOnlyForDeploymentPostprocessing = 0;
		};
/* End PBXResourcesBuildPhase section */

/* Begin PBXSourcesBuildPhase section */
		6F27738B244A806C00B6CA91 /* Sources */ = {
			isa = PBXSourcesBuildPhase;
			buildActionMask = 2147483647;
			files = (
				6F2773AB244A97F400B6CA91 /* NetworkManager.swift in Sources */,
				6F277397244A806D00B6CA91 /* FeedViewController.swift in Sources */,
				6F2773AD244AA52F00B6CA91 /* CommentsViewController.swift in Sources */,
				6F2773AF244AA65400B6CA91 /* CommentTableViewCell.swift in Sources */,
				6F277393244A806D00B6CA91 /* AppDelegate.swift in Sources */,
				6F2773A9244A90E400B6CA91 /* PostTableViewCell.swift in Sources */,
				6F277395244A806D00B6CA91 /* SceneDelegate.swift in Sources */,
				6F2773B1244AAA7A00B6CA91 /* Comment.swift in Sources */,
				6F2773A7244A84B200B6CA91 /* Post.swift in Sources */,
			);
			runOnlyForDeploymentPostprocessing = 0;
		};
/* End PBXSourcesBuildPhase section */

/* Begin PBXVariantGroup section */
		6F277398244A806D00B6CA91 /* Main.storyboard */ = {
			isa = PBXVariantGroup;
			children = (
				6F277399244A806D00B6CA91 /* Base */,
			);
			name = Main.storyboard;
			sourceTree = "<group>";
		};
		6F27739D244A807100B6CA91 /* LaunchScreen.storyboard */ = {
			isa = PBXVariantGroup;
			children = (
				6F27739E244A807100B6CA91 /* Base */,
			);
			name = LaunchScreen.storyboard;
			sourceTree = "<group>";
		};
/* End PBXVariantGroup section */

/* Begin XCBuildConfiguration section */
		6F2773A1244A807100B6CA91 /* Debug */ = {
			isa = XCBuildConfiguration;
			buildSettings = {
				ALWAYS_SEARCH_USER_PATHS = NO;
				CLANG_ANALYZER_NONNULL = YES;
				CLANG_ANALYZER_NUMBER_OBJECT_CONVERSION = YES_AGGRESSIVE;
				CLANG_CXX_LANGUAGE_STANDARD = "gnu++14";
				CLANG_CXX_LIBRARY = "libc++";
				CLANG_ENABLE_MODULES = YES;
				CLANG_ENABLE_OBJC_ARC = YES;
				CLANG_ENABLE_OBJC_WEAK = YES;
				CLANG_WARN_BLOCK_CAPTURE_AUTORELEASING = YES;
				CLANG_WARN_BOOL_CONVERSION = YES;
				CLANG_WARN_COMMA = YES;
				CLANG_WARN_CONSTANT_CONVERSION = YES;
				CLANG_WARN_DEPRECATED_OBJC_IMPLEMENTATIONS = YES;
				CLANG_WARN_DIRECT_OBJC_ISA_USAGE = YES_ERROR;
				CLANG_WARN_DOCUMENTATION_COMMENTS = YES;
				CLANG_WARN_EMPTY_BODY = YES;
				CLANG_WARN_ENUM_CONVERSION = YES;
				CLANG_WARN_INFINITE_RECURSION = YES;
				CLANG_WARN_INT_CONVERSION = YES;
				CLANG_WARN_NON_LITERAL_NULL_CONVERSION = YES;
				CLANG_WARN_OBJC_IMPLICIT_RETAIN_SELF = YES;
				CLANG_WARN_OBJC_LITERAL_CONVERSION = YES;
				CLANG_WARN_OBJC_ROOT_CLASS = YES_ERROR;
				CLANG_WARN_RANGE_LOOP_ANALYSIS = YES;
				CLANG_WARN_STRICT_PROTOTYPES = YES;
				CLANG_WARN_SUSPICIOUS_MOVE = YES;
				CLANG_WARN_UNGUARDED_AVAILABILITY = YES_AGGRESSIVE;
				CLANG_WARN_UNREACHABLE_CODE = YES;
				CLANG_WARN__DUPLICATE_METHOD_MATCH = YES;
				COPY_PHASE_STRIP = NO;
				DEBUG_INFORMATION_FORMAT = dwarf;
				ENABLE_STRICT_OBJC_MSGSEND = YES;
				ENABLE_TESTABILITY = YES;
				GCC_C_LANGUAGE_STANDARD = gnu11;
				GCC_DYNAMIC_NO_PIC = NO;
				GCC_NO_COMMON_BLOCKS = YES;
				GCC_OPTIMIZATION_LEVEL = 0;
				GCC_PREPROCESSOR_DEFINITIONS = (
					"DEBUG=1",
					"$(inherited)",
				);
				GCC_WARN_64_TO_32_BIT_CONVERSION = YES;
				GCC_WARN_ABOUT_RETURN_TYPE = YES_ERROR;
				GCC_WARN_UNDECLARED_SELECTOR = YES;
				GCC_WARN_UNINITIALIZED_AUTOS = YES_AGGRESSIVE;
				GCC_WARN_UNUSED_FUNCTION = YES;
				GCC_WARN_UNUSED_VARIABLE = YES;
				IPHONEOS_DEPLOYMENT_TARGET = 13.4;
				MTL_ENABLE_DEBUG_INFO = INCLUDE_SOURCE;
				MTL_FAST_MATH = YES;
				ONLY_ACTIVE_ARCH = YES;
				SDKROOT = iphoneos;
				SWIFT_ACTIVE_COMPILATION_CONDITIONS = DEBUG;
				SWIFT_OPTIMIZATION_LEVEL = "-Onone";
			};
			name = Debug;
		};
		6F2773A2244A807100B6CA91 /* Release */ = {
			isa = XCBuildConfiguration;
			buildSettings = {
				ALWAYS_SEARCH_USER_PATHS = NO;
				CLANG_ANALYZER_NONNULL = YES;
				CLANG_ANALYZER_NUMBER_OBJECT_CONVERSION = YES_AGGRESSIVE;
				CLANG_CXX_LANGUAGE_STANDARD = "gnu++14";
				CLANG_CXX_LIBRARY = "libc++";
				CLANG_ENABLE_MODULES = YES;
				CLANG_ENABLE_OBJC_ARC = YES;
				CLANG_ENABLE_OBJC_WEAK = YES;
				CLANG_WARN_BLOCK_CAPTURE_AUTORELEASING = YES;
				CLANG_WARN_BOOL_CONVERSION = YES;
				CLANG_WARN_COMMA = YES;
				CLANG_WARN_CONSTANT_CONVERSION = YES;
				CLANG_WARN_DEPRECATED_OBJC_IMPLEMENTATIONS = YES;
				CLANG_WARN_DIRECT_OBJC_ISA_USAGE = YES_ERROR;
				CLANG_WARN_DOCUMENTATION_COMMENTS = YES;
				CLANG_WARN_EMPTY_BODY = YES;
				CLANG_WARN_ENUM_CONVERSION = YES;
				CLANG_WARN_INFINITE_RECURSION = YES;
				CLANG_WARN_INT_CONVERSION = YES;
				CLANG_WARN_NON_LITERAL_NULL_CONVERSION = YES;
				CLANG_WARN_OBJC_IMPLICIT_RETAIN_SELF = YES;
				CLANG_WARN_OBJC_LITERAL_CONVERSION = YES;
				CLANG_WARN_OBJC_ROOT_CLASS = YES_ERROR;
				CLANG_WARN_RANGE_LOOP_ANALYSIS = YES;
				CLANG_WARN_STRICT_PROTOTYPES = YES;
				CLANG_WARN_SUSPICIOUS_MOVE = YES;
				CLANG_WARN_UNGUARDED_AVAILABILITY = YES_AGGRESSIVE;
				CLANG_WARN_UNREACHABLE_CODE = YES;
				CLANG_WARN__DUPLICATE_METHOD_MATCH = YES;
				COPY_PHASE_STRIP = NO;
				DEBUG_INFORMATION_FORMAT = "dwarf-with-dsym";
				ENABLE_NS_ASSERTIONS = NO;
				ENABLE_STRICT_OBJC_MSGSEND = YES;
				GCC_C_LANGUAGE_STANDARD = gnu11;
				GCC_NO_COMMON_BLOCKS = YES;
				GCC_WARN_64_TO_32_BIT_CONVERSION = YES;
				GCC_WARN_ABOUT_RETURN_TYPE = YES_ERROR;
				GCC_WARN_UNDECLARED_SELECTOR = YES;
				GCC_WARN_UNINITIALIZED_AUTOS = YES_AGGRESSIVE;
				GCC_WARN_UNUSED_FUNCTION = YES;
				GCC_WARN_UNUSED_VARIABLE = YES;
				IPHONEOS_DEPLOYMENT_TARGET = 13.4;
				MTL_ENABLE_DEBUG_INFO = NO;
				MTL_FAST_MATH = YES;
				SDKROOT = iphoneos;
				SWIFT_COMPILATION_MODE = wholemodule;
				SWIFT_OPTIMIZATION_LEVEL = "-O";
				VALIDATE_PRODUCT = YES;
			};
			name = Release;
		};
		6F2773A4244A807100B6CA91 /* Debug */ = {
			isa = XCBuildConfiguration;
			buildSettings = {
				ASSETCATALOG_COMPILER_APPICON_NAME = AppIcon;
				CODE_SIGN_STYLE = Automatic;
				INFOPLIST_FILE = ProductHunt/Info.plist;
				LD_RUNPATH_SEARCH_PATHS = (
					"$(inherited)",
					"@executable_path/Frameworks",
				);
				PRODUCT_BUNDLE_IDENTIFIER = com.ProductHunt;
				PRODUCT_NAME = "$(TARGET_NAME)";
				SWIFT_VERSION = 5.0;
				TARGETED_DEVICE_FAMILY = "1,2";
			};
			name = Debug;
		};
		6F2773A5244A807100B6CA91 /* Release */ = {
			isa = XCBuildConfiguration;
			buildSettings = {
				ASSETCATALOG_COMPILER_APPICON_NAME = AppIcon;
				CODE_SIGN_STYLE = Automatic;
				INFOPLIST_FILE = ProductHunt/Info.plist;
				LD_RUNPATH_SEARCH_PATHS = (
					"$(inherited)",
					"@executable_path/Frameworks",
				);
				PRODUCT_BUNDLE_IDENTIFIER = com.ProductHunt;
				PRODUCT_NAME = "$(TARGET_NAME)";
				SWIFT_VERSION = 5.0;
				TARGETED_DEVICE_FAMILY = "1,2";
			};
			name = Release;
		};
/* End XCBuildConfiguration section */

/* Begin XCConfigurationList section */
		6F27738A244A806C00B6CA91 /* Build configuration list for PBXProject "ProductHunt" */ = {
			isa = XCConfigurationList;
			buildConfigurations = (
				6F2773A1244A807100B6CA91 /* Debug */,
				6F2773A2244A807100B6CA91 /* Release */,
			);
			defaultConfigurationIsVisible = 0;
			defaultConfigurationName = Release;
		};
		6F2773A3244A807100B6CA91 /* Build configuration list for PBXNativeTarget "ProductHunt" */ = {
			isa = XCConfigurationList;
			buildConfigurations = (
				6F2773A4244A807100B6CA91 /* Debug */,
				6F2773A5244A807100B6CA91 /* Release */,
			);
			defaultConfigurationIsVisible = 0;
			defaultConfigurationName = Release;
		};
/* End XCConfigurationList section */
	};
	rootObject = 6F277387244A806C00B6CA91 /* Project object */;
}
